
Microsoft Visual Studio Solution File, Format Version 12.00
# Visual Studio Version 16
VisualStudioVersion = 16.0.30804.86
MinimumVisualStudioVersion = 10.0.40219.1
Project("{FAE04EC0-301F-11D3-BF4B-00C04F79EFBC}") = "PTC", "PTC\PTC.csproj", "{D51D45DB-4BA8-4112-81BF-97DB60B3ABAA}"
EndProject
Project("{FAE04EC0-301F-11D3-BF4B-00C04F79EFBC}") = "PTC.DataAccessLayer", "PTC.DataAccessLayer\PTC.DataAccessLayer.csproj", "{17563555-A8FF-4C26-A2DD-28F290A83AF0}"
EndProject
Project("{FAE04EC0-301F-11D3-BF4B-00C04F79EFBC}") = "PTC.ViewModelLayer", "PTC.ViewModelLayer\PTC.ViewModelLayer.csproj", "{849A2B8A-D86C-4C3F-AB17-A4116E97EFE7}"
EndProject
Global
	GlobalSection(SolutionConfigurationPlatforms) = preSolution
		Debug|Any CPU = Debug|Any CPU
		Release|Any CPU = Release|Any CPU
	EndGlobalSection
	GlobalSection(ProjectConfigurationPlatforms) = postSolution
		{D51D45DB-4BA8-4112-81BF-97DB60B3ABAA}.Debug|Any CPU.ActiveCfg = Debug|Any CPU
		{D51D45DB-4BA8-4112-81BF-97DB60B3ABAA}.Debug|Any CPU.Build.0 = Debug|Any CPU
		{D51D45DB-4BA8-4112-81BF-97DB60B3ABAA}.Release|Any CPU.ActiveCfg = Release|Any CPU
		{D51D45DB-4BA8-4112-81BF-97DB60B3ABAA}.Release|Any CPU.Build.0 = Release|Any CPU
		{17563555-A8FF-4C26-A2DD-28F290A83AF0}.Debug|Any CPU.ActiveCfg = Debug|Any CPU
		{17563555-A8FF-4C26-A2DD-28F290A83AF0}.Debug|Any CPU.Build.0 = Debug|Any CPU
		{17563555-A8FF-4C26-A2DD-28F290A83AF0}.Release|Any CPU.ActiveCfg = Release|Any CPU
		{17563555-A8FF-4C26-A2DD-28F290A83AF0}.Release|Any CPU.Build.0 = Release|Any CPU
		{849A2B8A-D86C-4C3F-AB17-A4116E97EFE7}.Debug|Any CPU.ActiveCfg = Debug|Any CPU
		{849A2B8A-D86C-4C3F-AB17-A4116E97EFE7}.Debug|Any CPU.Build.0 = Debug|Any CPU
		{849A2B8A-D86C-4C3F-AB17-A4116E97EFE7}.Release|Any CPU.ActiveCfg = Release|Any CPU
		{849A2B8A-D86C-4C3F-AB17-A4116E97EFE7}.Release|Any CPU.Build.0 = Release|Any CPU
	EndGlobalSection
	GlobalSection(SolutionProperties) = preSolution
		HideSolutionNode = FALSE
	EndGlobalSection
	GlobalSection(ExtensibilityGlobals) = postSolution
		SolutionGuid = {D93FD1B6-DA34-4310-A16B-C95C678C1007}
	EndGlobalSection
EndGlobal
